
Microsoft Visual Studio Solution File, Format Version 12.00
# Visual Studio Version 16
VisualStudioVersion = 16.0.29613.14
MinimumVisualStudioVersion = 10.0.40219.1
Project("{FAE04EC0-301F-11D3-BF4B-00C04F79EFBC}") = "BurnSoft.Mail", "BurnSoft.Mail\BurnSoft.Mail.csproj", "{AC101515-7417-4D5B-9FDD-EFEC1635F6BA}"
EndProject
Global
	GlobalSection(SolutionConfigurationPlatforms) = preSolution
		Debug|Any CPU = Debug|Any CPU
		Release|Any CPU = Release|Any CPU
	EndGlobalSection
	GlobalSection(ProjectConfigurationPlatforms) = postSolution
		{AC101515-7417-4D5B-9FDD-EFEC1635F6BA}.Debug|Any CPU.ActiveCfg = Debug|Any CPU
		{AC101515-7417-4D5B-9FDD-EFEC1635F6BA}.Debug|Any CPU.Build.0 = Debug|Any CPU
		{AC101515-7417-4D5B-9FDD-EFEC1635F6BA}.Release|Any CPU.ActiveCfg = Release|Any CPU
		{AC101515-7417-4D5B-9FDD-EFEC1635F6BA}.Release|Any CPU.Build.0 = Release|Any CPU
	EndGlobalSection
	GlobalSection(SolutionProperties) = preSolution
		HideSolutionNode = FALSE
	EndGlobalSection
	GlobalSection(ExtensibilityGlobals) = postSolution
		SolutionGuid = {CDBCEB3E-8E0D-4631-A0F6-533A89F987D0}
	EndGlobalSection
EndGlobal
